
Microsoft Visual Studio Solution File, Format Version 12.00
# Visual Studio Version 17
VisualStudioVersion = 17.10.35013.160
MinimumVisualStudioVersion = 10.0.40219.1
Project("{FAE04EC0-301F-11D3-BF4B-00C04F79EFBC}") = "WebProject1", "WebProject1\WebProject1.csproj", "{63FE9E0B-316D-4C45-BF6C-967049F8B712}"
EndProject
Global
	GlobalSection(SolutionConfigurationPlatforms) = preSolution
		Debug|Any CPU = Debug|Any CPU
		Release|Any CPU = Release|Any CPU
	EndGlobalSection
	GlobalSection(ProjectConfigurationPlatforms) = postSolution
		{63FE9E0B-316D-4C45-BF6C-967049F8B712}.Debug|Any CPU.ActiveCfg = Debug|Any CPU
		{63FE9E0B-316D-4C45-BF6C-967049F8B712}.Debug|Any CPU.Build.0 = Debug|Any CPU
		{63FE9E0B-316D-4C45-BF6C-967049F8B712}.Release|Any CPU.ActiveCfg = Release|Any CPU
		{63FE9E0B-316D-4C45-BF6C-967049F8B712}.Release|Any CPU.Build.0 = Release|Any CPU
	EndGlobalSection
	GlobalSection(SolutionProperties) = preSolution
		HideSolutionNode = FALSE
	EndGlobalSection
	GlobalSection(ExtensibilityGlobals) = postSolution
		SolutionGuid = {9AD8601C-B922-4B02-83BC-C87019CC16CD}
	EndGlobalSection
EndGlobal
